
Microsoft Visual Studio Solution File, Format Version 12.00
# Visual Studio 15
Project("{FAE04EC0-301F-11D3-BF4B-00C04F79EFBC}") = "UnityEngine.UI", "UnityEngine.UI.csproj", "{E03D1925-28C8-F247-979F-E6E02B68850F}"
EndProject
Project("{FAE04EC0-301F-11D3-BF4B-00C04F79EFBC}") = "Unity.VisualEffectGraph.Runtime", "Unity.VisualEffectGraph.Runtime.csproj", "{C1379F2A-2CB8-6EB0-EA2D-3B28FCC39591}"
EndProject
Project("{FAE04EC0-301F-11D3-BF4B-00C04F79EFBC}") = "Unity.RenderPipelines.Core.Runtime", "Unity.RenderPipelines.Core.Runtime.csproj", "{D8A27101-4788-A025-41AF-C595BE46C353}"
EndProject
Project("{FAE04EC0-301F-11D3-BF4B-00C04F79EFBC}") = "UnityEngine.TestRunner", "UnityEngine.TestRunner.csproj", "{DF08E26F-F727-6D7D-E4B0-D6FC1EA1A713}"
EndProject
Project("{FAE04EC0-301F-11D3-BF4B-00C04F79EFBC}") = "Unity.Mathematics", "Unity.Mathematics.csproj", "{94A12DD5-A8F3-8635-ADCD-63FB9AE48E0A}"
EndProject
Project("{FAE04EC0-301F-11D3-BF4B-00C04F79EFBC}") = "Unity.InputSystem", "Unity.InputSystem.csproj", "{666920EC-C43D-E09D-EFCA-A5DC3421FE31}"
EndProject
Project("{FAE04EC0-301F-11D3-BF4B-00C04F79EFBC}") = "SimpleWebTransport", "SimpleWebTransport.csproj", "{CAFA45AF-35E8-49E6-17AC-6DEDD46EFF0A}"
EndProject
Project("{FAE04EC0-301F-11D3-BF4B-00C04F79EFBC}") = "Mirror.Examples", "Mirror.Examples.csproj", "{0FE5C207-6CE3-9A3B-04A4-6B8394D9E6D9}"
EndProject
Project("{FAE04EC0-301F-11D3-BF4B-00C04F79EFBC}") = "Unity.RenderPipelines.Universal.Runtime", "Unity.RenderPipelines.Universal.Runtime.csproj", "{28B0F973-3BCC-36D4-BBD4-100F25A692AF}"
EndProject
Project("{FAE04EC0-301F-11D3-BF4B-00C04F79EFBC}") = "Mirror", "Mirror.csproj", "{3509AF36-8144-F44E-09BA-783C14C2844A}"
EndProject
Project("{FAE04EC0-301F-11D3-BF4B-00C04F79EFBC}") = "Mirror.Components", "Mirror.Components.csproj", "{05E610CD-78F0-8493-F956-5341DFB36AFE}"
EndProject
Project("{FAE04EC0-301F-11D3-BF4B-00C04F79EFBC}") = "Unity.TextMeshPro", "Unity.TextMeshPro.csproj", "{934FD185-29B5-68F0-CA89-AC7FCDF4F923}"
EndProject
Project("{FAE04EC0-301F-11D3-BF4B-00C04F79EFBC}") = "Unity.ProBuilder.Poly2Tri", "Unity.ProBuilder.Poly2Tri.csproj", "{C3A5A5D0-47B1-E71C-6F52-F458CDCA4B2B}"
EndProject
Project("{FAE04EC0-301F-11D3-BF4B-00C04F79EFBC}") = "Cinemachine", "Cinemachine.csproj", "{D7CE0BD8-2987-F6B2-1FF5-59D80C2D7058}"
EndProject
Project("{FAE04EC0-301F-11D3-BF4B-00C04F79EFBC}") = "Unity.Timeline", "Unity.Timeline.csproj", "{B323CB14-85AE-80F5-8FDF-9329C3D96EBE}"
EndProject
Project("{FAE04EC0-301F-11D3-BF4B-00C04F79EFBC}") = "Unity.ProBuilder", "Unity.ProBuilder.csproj", "{327D7BFD-BE42-0CB6-385C-2B7B90823D1E}"
EndProject
Project("{FAE04EC0-301F-11D3-BF4B-00C04F79EFBC}") = "Telepathy", "Telepathy.csproj", "{914A1228-0459-F029-1EBF-33FE4A32DBB7}"
EndProject
Project("{FAE04EC0-301F-11D3-BF4B-00C04F79EFBC}") = "Assembly-CSharp", "Assembly-CSharp.csproj", "{D46A65ED-87AD-D2D3-0493-4CF8807E7B5A}"
EndProject
Project("{FAE04EC0-301F-11D3-BF4B-00C04F79EFBC}") = "Unity.ProGrids", "Unity.ProGrids.csproj", "{7534D15E-8EE0-B406-00EC-FDE2C66A64FE}"
EndProject
Project("{FAE04EC0-301F-11D3-BF4B-00C04F79EFBC}") = "Unity.ProBuilder.Csg", "Unity.ProBuilder.Csg.csproj", "{306B509D-5B60-4897-4966-41AF2869CF93}"
EndProject
Project("{FAE04EC0-301F-11D3-BF4B-00C04F79EFBC}") = "Mirror.Cloud", "Mirror.Cloud.csproj", "{8449B42B-3203-A7BF-1290-76A3131F5DF6}"
EndProject
Project("{FAE04EC0-301F-11D3-BF4B-00C04F79EFBC}") = "kcp2k", "kcp2k.csproj", "{C5C4CB8C-F50A-CCC3-C506-705111EAED58}"
EndProject
Project("{FAE04EC0-301F-11D3-BF4B-00C04F79EFBC}") = "Mirror.Examples.Cloud.GUI", "Mirror.Examples.Cloud.GUI.csproj", "{4E5A9EAB-B79F-F431-1E03-2312AE48BC8C}"
EndProject
Project("{FAE04EC0-301F-11D3-BF4B-00C04F79EFBC}") = "Mirror.Examples.Cloud.Pong", "Mirror.Examples.Cloud.Pong.csproj", "{037281AE-4E5B-5A64-E092-7D45E35A55C0}"
EndProject
Project("{FAE04EC0-301F-11D3-BF4B-00C04F79EFBC}") = "Unity.ProBuilder.KdTree", "Unity.ProBuilder.KdTree.csproj", "{090026CB-DA2D-9E7E-A77F-D7433FCFC41E}"
EndProject
Project("{FAE04EC0-301F-11D3-BF4B-00C04F79EFBC}") = "Unity.RenderPipelines.Core.ShaderLibrary", "Unity.RenderPipelines.Core.ShaderLibrary.csproj", "{685F0A66-9363-D7F9-7FDA-C679655EB6C4}"
EndProject
Project("{FAE04EC0-301F-11D3-BF4B-00C04F79EFBC}") = "Unity.RenderPipeline.Universal.ShaderLibrary", "Unity.RenderPipeline.Universal.ShaderLibrary.csproj", "{471B9944-71DE-68D2-02BA-ECF46CB51A8D}"
EndProject
Project("{FAE04EC0-301F-11D3-BF4B-00C04F79EFBC}") = "Mirror.Authenticators", "Mirror.Authenticators.csproj", "{55CB4B7E-FA82-2444-676C-E963CA52B76B}"
EndProject
Project("{FAE04EC0-301F-11D3-BF4B-00C04F79EFBC}") = "Unity.ProBuilder.Stl", "Unity.ProBuilder.Stl.csproj", "{98B720B3-9B21-9147-D665-58BCC4566254}"
EndProject
Project("{FAE04EC0-301F-11D3-BF4B-00C04F79EFBC}") = "Unity.RenderPipelines.Universal.Shaders", "Unity.RenderPipelines.Universal.Shaders.csproj", "{F3EA0D33-2354-F34C-753A-0A623C75ACF2}"
EndProject
Project("{FAE04EC0-301F-11D3-BF4B-00C04F79EFBC}") = "Unity.RenderPipelines.ShaderGraph.ShaderGraphLibrary", "Unity.RenderPipelines.ShaderGraph.ShaderGraphLibrary.csproj", "{E0E59A41-B7F3-1985-CA4D-A2A2ADB95237}"
EndProject
Project("{FAE04EC0-301F-11D3-BF4B-00C04F79EFBC}") = "Unity.ShaderGraph.Editor", "Unity.ShaderGraph.Editor.csproj", "{EDD08C35-CF2D-BDD2-E7B8-A29B380C9AB9}"
EndProject
Project("{FAE04EC0-301F-11D3-BF4B-00C04F79EFBC}") = "Unity.VisualEffectGraph.Editor", "Unity.VisualEffectGraph.Editor.csproj", "{6090FAB4-1FE8-CDA4-5C4F-7D13E673E311}"
EndProject
Project("{FAE04EC0-301F-11D3-BF4B-00C04F79EFBC}") = "Unity.VisualStudio.Editor", "Unity.VisualStudio.Editor.csproj", "{4E70F8D1-9717-C9AD-16E8-24AA7B6BC6DC}"
EndProject
Project("{FAE04EC0-301F-11D3-BF4B-00C04F79EFBC}") = "Unity.ProBuilder.Editor", "Unity.ProBuilder.Editor.csproj", "{2F6AB498-8ACA-8014-52CD-D29956F7371A}"
EndProject
Project("{FAE04EC0-301F-11D3-BF4B-00C04F79EFBC}") = "Unity.Timeline.Editor", "Unity.Timeline.Editor.csproj", "{2765122B-6B2C-BD26-4ED4-123D27273193}"
EndProject
Project("{FAE04EC0-301F-11D3-BF4B-00C04F79EFBC}") = "com.unity.cinemachine.editor", "com.unity.cinemachine.editor.csproj", "{C995C210-3E94-AFFB-4223-E060FFA49C78}"
EndProject
Project("{FAE04EC0-301F-11D3-BF4B-00C04F79EFBC}") = "Unity.TextMeshPro.Editor", "Unity.TextMeshPro.Editor.csproj", "{2913BBE6-30A7-5AA7-3DC6-4AEB2411E12F}"
EndProject
Project("{FAE04EC0-301F-11D3-BF4B-00C04F79EFBC}") = "Mirror.Weaver", "Mirror.Weaver.csproj", "{F4181B13-F33C-BA0B-B519-FC987E496B68}"
EndProject
Project("{FAE04EC0-301F-11D3-BF4B-00C04F79EFBC}") = "Unity.CollabProxy.Editor", "Unity.CollabProxy.Editor.csproj", "{F5A64DEA-6149-E1A8-D26C-D3B2ACE707F8}"
EndProject
Project("{FAE04EC0-301F-11D3-BF4B-00C04F79EFBC}") = "UnityEditor.TestRunner", "UnityEditor.TestRunner.csproj", "{D6452AE6-2B5D-50E6-4137-B159F5083FA5}"
EndProject
Project("{FAE04EC0-301F-11D3-BF4B-00C04F79EFBC}") = "Unity.Rider.Editor", "Unity.Rider.Editor.csproj", "{B5D21639-5C09-BC86-8712-7A95F09F5F34}"
EndProject
Project("{FAE04EC0-301F-11D3-BF4B-00C04F79EFBC}") = "Unity.RenderPipelines.Universal.Editor", "Unity.RenderPipelines.Universal.Editor.csproj", "{22843C7A-9612-9EF5-2097-2731F123C050}"
EndProject
Project("{FAE04EC0-301F-11D3-BF4B-00C04F79EFBC}") = "Unity.ProGrids.Editor", "Unity.ProGrids.Editor.csproj", "{3EB3BE6B-5B4F-A18D-8BF8-3714AC64FE09}"
EndProject
Project("{FAE04EC0-301F-11D3-BF4B-00C04F79EFBC}") = "Unity.RenderPipelines.Core.Editor", "Unity.RenderPipelines.Core.Editor.csproj", "{E9502B28-6150-DF98-AAC2-8120BA6BB769}"
EndProject
Project("{FAE04EC0-301F-11D3-BF4B-00C04F79EFBC}") = "Unity.Searcher.Editor", "Unity.Searcher.Editor.csproj", "{E3AF9F2A-9483-2AB5-9F02-503862801DF9}"
EndProject
Project("{FAE04EC0-301F-11D3-BF4B-00C04F79EFBC}") = "Mirror.Editor", "Mirror.Editor.csproj", "{0510D085-D54C-3447-CCDD-B162E605DA3C}"
EndProject
Project("{FAE04EC0-301F-11D3-BF4B-00C04F79EFBC}") = "Unity.VSCode.Editor", "Unity.VSCode.Editor.csproj", "{56E69D2B-D1D7-935A-9688-117B5145CFFC}"
EndProject
Project("{FAE04EC0-301F-11D3-BF4B-00C04F79EFBC}") = "Unity.ProBuilder.AssetIdRemapUtility", "Unity.ProBuilder.AssetIdRemapUtility.csproj", "{AAE92333-0340-65BE-FFC9-3CA74A415DB1}"
EndProject
Project("{FAE04EC0-301F-11D3-BF4B-00C04F79EFBC}") = "Mirror.CompilerSymbols", "Mirror.CompilerSymbols.csproj", "{ADB89F17-8F0D-379F-C507-DD423F5CFA78}"
EndProject
Project("{FAE04EC0-301F-11D3-BF4B-00C04F79EFBC}") = "UnityEditor.UI", "UnityEditor.UI.csproj", "{3EEAE8E5-CA89-AFAF-CF79-96D26690499D}"
EndProject
Project("{FAE04EC0-301F-11D3-BF4B-00C04F79EFBC}") = "Unity.Settings.Editor", "Unity.Settings.Editor.csproj", "{7FA065F1-40D8-280B-C71D-235FD2EA2E45}"
EndProject
Project("{FAE04EC0-301F-11D3-BF4B-00C04F79EFBC}") = "Unity.Mathematics.Editor", "Unity.Mathematics.Editor.csproj", "{CB7D0BD8-CCE6-E0AD-DB39-BA57F54B9A15}"
EndProject
Project("{FAE04EC0-301F-11D3-BF4B-00C04F79EFBC}") = "Unity.ShaderGraph.Utilities", "Unity.ShaderGraph.Utilities.csproj", "{FD1FDAFC-AC32-5466-4915-F05163B7A5ED}"
EndProject
Project("{FAE04EC0-301F-11D3-BF4B-00C04F79EFBC}") = "Unity.ProBuilder.AddOns.Editor", "Unity.ProBuilder.AddOns.Editor.csproj", "{41A4ECA5-6579-7689-CAA6-20409E25EB77}"
EndProject
Project("{FAE04EC0-301F-11D3-BF4B-00C04F79EFBC}") = "UnityEngine.UI", "UnityEngine.UI.Player.csproj", "{5C0248E2-F992-F8F5-0E51-AD8AE82DD78C}"
EndProject
Project("{FAE04EC0-301F-11D3-BF4B-00C04F79EFBC}") = "Unity.VisualEffectGraph.Runtime", "Unity.VisualEffectGraph.Runtime.Player.csproj", "{7A769E10-C5AD-A0F4-CC32-C9785B8A923F}"
EndProject
Project("{FAE04EC0-301F-11D3-BF4B-00C04F79EFBC}") = "Unity.RenderPipelines.Core.Runtime", "Unity.RenderPipelines.Core.Runtime.Player.csproj", "{753E20A1-E8D8-3A73-5BAA-E77B26E313D5}"
EndProject
Project("{FAE04EC0-301F-11D3-BF4B-00C04F79EFBC}") = "UnityEngine.TestRunner", "UnityEngine.TestRunner.Player.csproj", "{A8AE00C3-AADC-F92A-4485-83013CA2374A}"
EndProject
Project("{FAE04EC0-301F-11D3-BF4B-00C04F79EFBC}") = "Unity.Mathematics", "Unity.Mathematics.Player.csproj", "{FC14BD20-7C48-607E-BC8F-C3932ACEFBB9}"
EndProject
Project("{FAE04EC0-301F-11D3-BF4B-00C04F79EFBC}") = "Unity.InputSystem", "Unity.InputSystem.Player.csproj", "{D648CE19-AD08-0F0D-8AF0-94681AB4FAC7}"
EndProject
Project("{FAE04EC0-301F-11D3-BF4B-00C04F79EFBC}") = "SimpleWebTransport", "SimpleWebTransport.Player.csproj", "{240BC54C-983C-A8E9-5B7E-4E0EDD737A5A}"
EndProject
Project("{FAE04EC0-301F-11D3-BF4B-00C04F79EFBC}") = "Mirror.Examples", "Mirror.Examples.Player.csproj", "{44A026F7-706F-DFEB-A55C-C5C0F05FA4B1}"
EndProject
Project("{FAE04EC0-301F-11D3-BF4B-00C04F79EFBC}") = "Unity.RenderPipelines.Universal.Runtime", "Unity.RenderPipelines.Universal.Runtime.Player.csproj", "{EA2EA906-A5BE-E0D3-6DF0-E67FF1FD1A4A}"
EndProject
Project("{FAE04EC0-301F-11D3-BF4B-00C04F79EFBC}") = "Mirror", "Mirror.Player.csproj", "{01E6B960-23EE-FDB4-C0D7-BA31A39C0123}"
EndProject
Project("{FAE04EC0-301F-11D3-BF4B-00C04F79EFBC}") = "Mirror.Components", "Mirror.Components.Player.csproj", "{A7BCE79F-B74F-DC4B-93CE-C3AC38B11B3C}"
EndProject
Project("{FAE04EC0-301F-11D3-BF4B-00C04F79EFBC}") = "Unity.TextMeshPro", "Unity.TextMeshPro.Player.csproj", "{32CBD908-B040-6534-BC24-93E65A04888D}"
EndProject
Project("{FAE04EC0-301F-11D3-BF4B-00C04F79EFBC}") = "Unity.ProBuilder.Poly2Tri", "Unity.ProBuilder.Poly2Tri.Player.csproj", "{4C298F89-68A4-0AD2-4F5B-8F68CD95AA2C}"
EndProject
Project("{FAE04EC0-301F-11D3-BF4B-00C04F79EFBC}") = "Cinemachine", "Cinemachine.Player.csproj", "{3B72EED6-85CC-CE99-4F5A-B554EFCC1BD1}"
EndProject
Project("{FAE04EC0-301F-11D3-BF4B-00C04F79EFBC}") = "Unity.Timeline", "Unity.Timeline.Player.csproj", "{A3EB92F1-8B24-03B3-AC7F-A7C6AE02F8AD}"
EndProject
Project("{FAE04EC0-301F-11D3-BF4B-00C04F79EFBC}") = "Unity.ProBuilder", "Unity.ProBuilder.Player.csproj", "{BFCA501F-224A-5D1C-2978-AC3553C57681}"
EndProject
Project("{FAE04EC0-301F-11D3-BF4B-00C04F79EFBC}") = "Telepathy", "Telepathy.Player.csproj", "{0150E746-7587-7781-8CB1-301FC8637008}"
EndProject
Project("{FAE04EC0-301F-11D3-BF4B-00C04F79EFBC}") = "Assembly-CSharp", "Assembly-CSharp.Player.csproj", "{57E9A72B-34E9-59F4-322B-6A6C1F328D62}"
EndProject
Project("{FAE04EC0-301F-11D3-BF4B-00C04F79EFBC}") = "Unity.ProGrids", "Unity.ProGrids.Player.csproj", "{AF3357D0-5E68-EC4B-D959-1F0FB1EE2934}"
EndProject
Project("{FAE04EC0-301F-11D3-BF4B-00C04F79EFBC}") = "Unity.ProBuilder.Csg", "Unity.ProBuilder.Csg.Player.csproj", "{DA557D9F-783D-6B50-A0B0-ED981DC6432C}"
EndProject
Project("{FAE04EC0-301F-11D3-BF4B-00C04F79EFBC}") = "Mirror.Cloud", "Mirror.Cloud.Player.csproj", "{6DC44216-0D5A-8DC2-B198-58661657B14D}"
EndProject
Project("{FAE04EC0-301F-11D3-BF4B-00C04F79EFBC}") = "kcp2k", "kcp2k.Player.csproj", "{25E5596E-CBCC-7A90-4313-A9E29D821881}"
EndProject
Project("{FAE04EC0-301F-11D3-BF4B-00C04F79EFBC}") = "Mirror.Examples.Cloud.GUI", "Mirror.Examples.Cloud.GUI.Player.csproj", "{0FB3CE4B-BB60-D2FF-F0C2-6D616D2D87AC}"
EndProject
Project("{FAE04EC0-301F-11D3-BF4B-00C04F79EFBC}") = "Mirror.Examples.Cloud.Pong", "Mirror.Examples.Cloud.Pong.Player.csproj", "{34EE3310-6A97-206A-EA87-BD69B50C9441}"
EndProject
Project("{FAE04EC0-301F-11D3-BF4B-00C04F79EFBC}") = "Unity.ProBuilder.KdTree", "Unity.ProBuilder.KdTree.Player.csproj", "{53E24A2E-9A08-15D3-DC5C-B0098F9B7BF3}"
EndProject
Project("{FAE04EC0-301F-11D3-BF4B-00C04F79EFBC}") = "Unity.RenderPipelines.Core.ShaderLibrary", "Unity.RenderPipelines.Core.ShaderLibrary.Player.csproj", "{9AAD8283-4F23-FE31-CBC4-637490A106B3}"
EndProject
Project("{FAE04EC0-301F-11D3-BF4B-00C04F79EFBC}") = "Unity.RenderPipeline.Universal.ShaderLibrary", "Unity.RenderPipeline.Universal.ShaderLibrary.Player.csproj", "{4414AD4B-3503-994B-BB93-89F0762E6AA6}"
EndProject
Project("{FAE04EC0-301F-11D3-BF4B-00C04F79EFBC}") = "Mirror.Authenticators", "Mirror.Authenticators.Player.csproj", "{C3F53C26-C9D0-18C0-F504-480CFA49EED8}"
EndProject
Project("{FAE04EC0-301F-11D3-BF4B-00C04F79EFBC}") = "Unity.ProBuilder.Stl", "Unity.ProBuilder.Stl.Player.csproj", "{EFF67303-25DD-912A-90B6-C342A6995298}"
EndProject
Project("{FAE04EC0-301F-11D3-BF4B-00C04F79EFBC}") = "Unity.RenderPipelines.Universal.Shaders", "Unity.RenderPipelines.Universal.Shaders.Player.csproj", "{EA004B86-4C01-3BFF-92E8-9D64E2CBD34B}"
EndProject
Project("{FAE04EC0-301F-11D3-BF4B-00C04F79EFBC}") = "Unity.RenderPipelines.ShaderGraph.ShaderGraphLibrary", "Unity.RenderPipelines.ShaderGraph.ShaderGraphLibrary.Player.csproj", "{721640E8-511B-1B90-7A0A-3AF900687B1F}"
EndProject
Global
	GlobalSection(SolutionConfigurationPlatforms) = preSolution
		Debug|Any CPU = Debug|Any CPU
		Release|Any CPU = Release|Any CPU
	EndGlobalSection
	GlobalSection(ProjectConfigurationPlatforms) = postSolution
		{E03D1925-28C8-F247-979F-E6E02B68850F}.Debug|Any CPU.ActiveCfg = Debug|Any CPU
		{E03D1925-28C8-F247-979F-E6E02B68850F}.Debug|Any CPU.Build.0 = Debug|Any CPU
		{E03D1925-28C8-F247-979F-E6E02B68850F}.Release|Any CPU.ActiveCfg = Release|Any CPU
		{E03D1925-28C8-F247-979F-E6E02B68850F}.Release|Any CPU.Build.0 = Release|Any CPU
		{C1379F2A-2CB8-6EB0-EA2D-3B28FCC39591}.Debug|Any CPU.ActiveCfg = Debug|Any CPU
		{C1379F2A-2CB8-6EB0-EA2D-3B28FCC39591}.Debug|Any CPU.Build.0 = Debug|Any CPU
		{C1379F2A-2CB8-6EB0-EA2D-3B28FCC39591}.Release|Any CPU.ActiveCfg = Release|Any CPU
		{C1379F2A-2CB8-6EB0-EA2D-3B28FCC39591}.Release|Any CPU.Build.0 = Release|Any CPU
		{D8A27101-4788-A025-41AF-C595BE46C353}.Debug|Any CPU.ActiveCfg = Debug|Any CPU
		{D8A27101-4788-A025-41AF-C595BE46C353}.Debug|Any CPU.Build.0 = Debug|Any CPU
		{D8A27101-4788-A025-41AF-C595BE46C353}.Release|Any CPU.ActiveCfg = Release|Any CPU
		{D8A27101-4788-A025-41AF-C595BE46C353}.Release|Any CPU.Build.0 = Release|Any CPU
		{DF08E26F-F727-6D7D-E4B0-D6FC1EA1A713}.Debug|Any CPU.ActiveCfg = Debug|Any CPU
		{DF08E26F-F727-6D7D-E4B0-D6FC1EA1A713}.Debug|Any CPU.Build.0 = Debug|Any CPU
		{DF08E26F-F727-6D7D-E4B0-D6FC1EA1A713}.Release|Any CPU.ActiveCfg = Release|Any CPU
		{DF08E26F-F727-6D7D-E4B0-D6FC1EA1A713}.Release|Any CPU.Build.0 = Release|Any CPU
		{94A12DD5-A8F3-8635-ADCD-63FB9AE48E0A}.Debug|Any CPU.ActiveCfg = Debug|Any CPU
		{94A12DD5-A8F3-8635-ADCD-63FB9AE48E0A}.Debug|Any CPU.Build.0 = Debug|Any CPU
		{94A12DD5-A8F3-8635-ADCD-63FB9AE48E0A}.Release|Any CPU.ActiveCfg = Release|Any CPU
		{94A12DD5-A8F3-8635-ADCD-63FB9AE48E0A}.Release|Any CPU.Build.0 = Release|Any CPU
		{666920EC-C43D-E09D-EFCA-A5DC3421FE31}.Debug|Any CPU.ActiveCfg = Debug|Any CPU
		{666920EC-C43D-E09D-EFCA-A5DC3421FE31}.Debug|Any CPU.Build.0 = Debug|Any CPU
		{666920EC-C43D-E09D-EFCA-A5DC3421FE31}.Release|Any CPU.ActiveCfg = Release|Any CPU
		{666920EC-C43D-E09D-EFCA-A5DC3421FE31}.Release|Any CPU.Build.0 = Release|Any CPU
		{CAFA45AF-35E8-49E6-17AC-6DEDD46EFF0A}.Debug|Any CPU.ActiveCfg = Debug|Any CPU
		{CAFA45AF-35E8-49E6-17AC-6DEDD46EFF0A}.Debug|Any CPU.Build.0 = Debug|Any CPU
		{CAFA45AF-35E8-49E6-17AC-6DEDD46EFF0A}.Release|Any CPU.ActiveCfg = Release|Any CPU
		{CAFA45AF-35E8-49E6-17AC-6DEDD46EFF0A}.Release|Any CPU.Build.0 = Release|Any CPU
		{0FE5C207-6CE3-9A3B-04A4-6B8394D9E6D9}.Debug|Any CPU.ActiveCfg = Debug|Any CPU
		{0FE5C207-6CE3-9A3B-04A4-6B8394D9E6D9}.Debug|Any CPU.Build.0 = Debug|Any CPU
		{0FE5C207-6CE3-9A3B-04A4-6B8394D9E6D9}.Release|Any CPU.ActiveCfg = Release|Any CPU
		{0FE5C207-6CE3-9A3B-04A4-6B8394D9E6D9}.Release|Any CPU.Build.0 = Release|Any CPU
		{28B0F973-3BCC-36D4-BBD4-100F25A692AF}.Debug|Any CPU.ActiveCfg = Debug|Any CPU
		{28B0F973-3BCC-36D4-BBD4-100F25A692AF}.Debug|Any CPU.Build.0 = Debug|Any CPU
		{28B0F973-3BCC-36D4-BBD4-100F25A692AF}.Release|Any CPU.ActiveCfg = Release|Any CPU
		{28B0F973-3BCC-36D4-BBD4-100F25A692AF}.Release|Any CPU.Build.0 = Release|Any CPU
		{3509AF36-8144-F44E-09BA-783C14C2844A}.Debug|Any CPU.ActiveCfg = Debug|Any CPU
		{3509AF36-8144-F44E-09BA-783C14C2844A}.Debug|Any CPU.Build.0 = Debug|Any CPU
		{3509AF36-8144-F44E-09BA-783C14C2844A}.Release|Any CPU.ActiveCfg = Release|Any CPU
		{3509AF36-8144-F44E-09BA-783C14C2844A}.Release|Any CPU.Build.0 = Release|Any CPU
		{05E610CD-78F0-8493-F956-5341DFB36AFE}.Debug|Any CPU.ActiveCfg = Debug|Any CPU
		{05E610CD-78F0-8493-F956-5341DFB36AFE}.Debug|Any CPU.Build.0 = Debug|Any CPU
		{05E610CD-78F0-8493-F956-5341DFB36AFE}.Release|Any CPU.ActiveCfg = Release|Any CPU
		{05E610CD-78F0-8493-F956-5341DFB36AFE}.Release|Any CPU.Build.0 = Release|Any CPU
		{934FD185-29B5-68F0-CA89-AC7FCDF4F923}.Debug|Any CPU.ActiveCfg = Debug|Any CPU
		{934FD185-29B5-68F0-CA89-AC7FCDF4F923}.Debug|Any CPU.Build.0 = Debug|Any CPU
		{934FD185-29B5-68F0-CA89-AC7FCDF4F923}.Release|Any CPU.ActiveCfg = Release|Any CPU
		{934FD185-29B5-68F0-CA89-AC7FCDF4F923}.Release|Any CPU.Build.0 = Release|Any CPU
		{C3A5A5D0-47B1-E71C-6F52-F458CDCA4B2B}.Debug|Any CPU.ActiveCfg = Debug|Any CPU
		{C3A5A5D0-47B1-E71C-6F52-F458CDCA4B2B}.Debug|Any CPU.Build.0 = Debug|Any CPU
		{C3A5A5D0-47B1-E71C-6F52-F458CDCA4B2B}.Release|Any CPU.ActiveCfg = Release|Any CPU
		{C3A5A5D0-47B1-E71C-6F52-F458CDCA4B2B}.Release|Any CPU.Build.0 = Release|Any CPU
		{D7CE0BD8-2987-F6B2-1FF5-59D80C2D7058}.Debug|Any CPU.ActiveCfg = Debug|Any CPU
		{D7CE0BD8-2987-F6B2-1FF5-59D80C2D7058}.Debug|Any CPU.Build.0 = Debug|Any CPU
		{D7CE0BD8-2987-F6B2-1FF5-59D80C2D7058}.Release|Any CPU.ActiveCfg = Release|Any CPU
		{D7CE0BD8-2987-F6B2-1FF5-59D80C2D7058}.Release|Any CPU.Build.0 = Release|Any CPU
		{B323CB14-85AE-80F5-8FDF-9329C3D96EBE}.Debug|Any CPU.ActiveCfg = Debug|Any CPU
		{B323CB14-85AE-80F5-8FDF-9329C3D96EBE}.Debug|Any CPU.Build.0 = Debug|Any CPU
		{B323CB14-85AE-80F5-8FDF-9329C3D96EBE}.Release|Any CPU.ActiveCfg = Release|Any CPU
		{B323CB14-85AE-80F5-8FDF-9329C3D96EBE}.Release|Any CPU.Build.0 = Release|Any CPU
		{327D7BFD-BE42-0CB6-385C-2B7B90823D1E}.Debug|Any CPU.ActiveCfg = Debug|Any CPU
		{327D7BFD-BE42-0CB6-385C-2B7B90823D1E}.Debug|Any CPU.Build.0 = Debug|Any CPU
		{327D7BFD-BE42-0CB6-385C-2B7B90823D1E}.Release|Any CPU.ActiveCfg = Release|Any CPU
		{327D7BFD-BE42-0CB6-385C-2B7B90823D1E}.Release|Any CPU.Build.0 = Release|Any CPU
		{914A1228-0459-F029-1EBF-33FE4A32DBB7}.Debug|Any CPU.ActiveCfg = Debug|Any CPU
		{914A1228-0459-F029-1EBF-33FE4A32DBB7}.Debug|Any CPU.Build.0 = Debug|Any CPU
		{914A1228-0459-F029-1EBF-33FE4A32DBB7}.Release|Any CPU.ActiveCfg = Release|Any CPU
		{914A1228-0459-F029-1EBF-33FE4A32DBB7}.Release|Any CPU.Build.0 = Release|Any CPU
		{D46A65ED-87AD-D2D3-0493-4CF8807E7B5A}.Debug|Any CPU.ActiveCfg = Debug|Any CPU
		{D46A65ED-87AD-D2D3-0493-4CF8807E7B5A}.Debug|Any CPU.Build.0 = Debug|Any CPU
		{D46A65ED-87AD-D2D3-0493-4CF8807E7B5A}.Release|Any CPU.ActiveCfg = Release|Any CPU
		{D46A65ED-87AD-D2D3-0493-4CF8807E7B5A}.Release|Any CPU.Build.0 = Release|Any CPU
		{7534D15E-8EE0-B406-00EC-FDE2C66A64FE}.Debug|Any CPU.ActiveCfg = Debug|Any CPU
		{7534D15E-8EE0-B406-00EC-FDE2C66A64FE}.Debug|Any CPU.Build.0 = Debug|Any CPU
		{7534D15E-8EE0-B406-00EC-FDE2C66A64FE}.Release|Any CPU.ActiveCfg = Release|Any CPU
		{7534D15E-8EE0-B406-00EC-FDE2C66A64FE}.Release|Any CPU.Build.0 = Release|Any CPU
		{306B509D-5B60-4897-4966-41AF2869CF93}.Debug|Any CPU.ActiveCfg = Debug|Any CPU
		{306B509D-5B60-4897-4966-41AF2869CF93}.Debug|Any CPU.Build.0 = Debug|Any CPU
		{306B509D-5B60-4897-4966-41AF2869CF93}.Release|Any CPU.ActiveCfg = Release|Any CPU
		{306B509D-5B60-4897-4966-41AF2869CF93}.Release|Any CPU.Build.0 = Release|Any CPU
		{8449B42B-3203-A7BF-1290-76A3131F5DF6}.Debug|Any CPU.ActiveCfg = Debug|Any CPU
		{8449B42B-3203-A7BF-1290-76A3131F5DF6}.Debug|Any CPU.Build.0 = Debug|Any CPU
		{8449B42B-3203-A7BF-1290-76A3131F5DF6}.Release|Any CPU.ActiveCfg = Release|Any CPU
		{8449B42B-3203-A7BF-1290-76A3131F5DF6}.Release|Any CPU.Build.0 = Release|Any CPU
		{C5C4CB8C-F50A-CCC3-C506-705111EAED58}.Debug|Any CPU.ActiveCfg = Debug|Any CPU
		{C5C4CB8C-F50A-CCC3-C506-705111EAED58}.Debug|Any CPU.Build.0 = Debug|Any CPU
		{C5C4CB8C-F50A-CCC3-C506-705111EAED58}.Release|Any CPU.ActiveCfg = Release|Any CPU
		{C5C4CB8C-F50A-CCC3-C506-705111EAED58}.Release|Any CPU.Build.0 = Release|Any CPU
		{4E5A9EAB-B79F-F431-1E03-2312AE48BC8C}.Debug|Any CPU.ActiveCfg = Debug|Any CPU
		{4E5A9EAB-B79F-F431-1E03-2312AE48BC8C}.Debug|Any CPU.Build.0 = Debug|Any CPU
		{4E5A9EAB-B79F-F431-1E03-2312AE48BC8C}.Release|Any CPU.ActiveCfg = Release|Any CPU
		{4E5A9EAB-B79F-F431-1E03-2312AE48BC8C}.Release|Any CPU.Build.0 = Release|Any CPU
		{037281AE-4E5B-5A64-E092-7D45E35A55C0}.Debug|Any CPU.ActiveCfg = Debug|Any CPU
		{037281AE-4E5B-5A64-E092-7D45E35A55C0}.Debug|Any CPU.Build.0 = Debug|Any CPU
		{037281AE-4E5B-5A64-E092-7D45E35A55C0}.Release|Any CPU.ActiveCfg = Release|Any CPU
		{037281AE-4E5B-5A64-E092-7D45E35A55C0}.Release|Any CPU.Build.0 = Release|Any CPU
		{090026CB-DA2D-9E7E-A77F-D7433FCFC41E}.Debug|Any CPU.ActiveCfg = Debug|Any CPU
		{090026CB-DA2D-9E7E-A77F-D7433FCFC41E}.Debug|Any CPU.Build.0 = Debug|Any CPU
		{090026CB-DA2D-9E7E-A77F-D7433FCFC41E}.Release|Any CPU.ActiveCfg = Release|Any CPU
		{090026CB-DA2D-9E7E-A77F-D7433FCFC41E}.Release|Any CPU.Build.0 = Release|Any CPU
		{685F0A66-9363-D7F9-7FDA-C679655EB6C4}.Debug|Any CPU.ActiveCfg = Debug|Any CPU
		{685F0A66-9363-D7F9-7FDA-C679655EB6C4}.Debug|Any CPU.Build.0 = Debug|Any CPU
		{685F0A66-9363-D7F9-7FDA-C679655EB6C4}.Release|Any CPU.ActiveCfg = Release|Any CPU
		{685F0A66-9363-D7F9-7FDA-C679655EB6C4}.Release|Any CPU.Build.0 = Release|Any CPU
		{471B9944-71DE-68D2-02BA-ECF46CB51A8D}.Debug|Any CPU.ActiveCfg = Debug|Any CPU
		{471B9944-71DE-68D2-02BA-ECF46CB51A8D}.Debug|Any CPU.Build.0 = Debug|Any CPU
		{471B9944-71DE-68D2-02BA-ECF46CB51A8D}.Release|Any CPU.ActiveCfg = Release|Any CPU
		{471B9944-71DE-68D2-02BA-ECF46CB51A8D}.Release|Any CPU.Build.0 = Release|Any CPU
		{55CB4B7E-FA82-2444-676C-E963CA52B76B}.Debug|Any CPU.ActiveCfg = Debug|Any CPU
		{55CB4B7E-FA82-2444-676C-E963CA52B76B}.Debug|Any CPU.Build.0 = Debug|Any CPU
		{55CB4B7E-FA82-2444-676C-E963CA52B76B}.Release|Any CPU.ActiveCfg = Release|Any CPU
		{55CB4B7E-FA82-2444-676C-E963CA52B76B}.Release|Any CPU.Build.0 = Release|Any CPU
		{98B720B3-9B21-9147-D665-58BCC4566254}.Debug|Any CPU.ActiveCfg = Debug|Any CPU
		{98B720B3-9B21-9147-D665-58BCC4566254}.Debug|Any CPU.Build.0 = Debug|Any CPU
		{98B720B3-9B21-9147-D665-58BCC4566254}.Release|Any CPU.ActiveCfg = Release|Any CPU
		{98B720B3-9B21-9147-D665-58BCC4566254}.Release|Any CPU.Build.0 = Release|Any CPU
		{F3EA0D33-2354-F34C-753A-0A623C75ACF2}.Debug|Any CPU.ActiveCfg = Debug|Any CPU
		{F3EA0D33-2354-F34C-753A-0A623C75ACF2}.Debug|Any CPU.Build.0 = Debug|Any CPU
		{F3EA0D33-2354-F34C-753A-0A623C75ACF2}.Release|Any CPU.ActiveCfg = Release|Any CPU
		{F3EA0D33-2354-F34C-753A-0A623C75ACF2}.Release|Any CPU.Build.0 = Release|Any CPU
		{E0E59A41-B7F3-1985-CA4D-A2A2ADB95237}.Debug|Any CPU.ActiveCfg = Debug|Any CPU
		{E0E59A41-B7F3-1985-CA4D-A2A2ADB95237}.Debug|Any CPU.Build.0 = Debug|Any CPU
		{E0E59A41-B7F3-1985-CA4D-A2A2ADB95237}.Release|Any CPU.ActiveCfg = Release|Any CPU
		{E0E59A41-B7F3-1985-CA4D-A2A2ADB95237}.Release|Any CPU.Build.0 = Release|Any CPU
		{EDD08C35-CF2D-BDD2-E7B8-A29B380C9AB9}.Debug|Any CPU.ActiveCfg = Debug|Any CPU
		{EDD08C35-CF2D-BDD2-E7B8-A29B380C9AB9}.Debug|Any CPU.Build.0 = Debug|Any CPU
		{EDD08C35-CF2D-BDD2-E7B8-A29B380C9AB9}.Release|Any CPU.ActiveCfg = Release|Any CPU
		{EDD08C35-CF2D-BDD2-E7B8-A29B380C9AB9}.Release|Any CPU.Build.0 = Release|Any CPU
		{6090FAB4-1FE8-CDA4-5C4F-7D13E673E311}.Debug|Any CPU.ActiveCfg = Debug|Any CPU
		{6090FAB4-1FE8-CDA4-5C4F-7D13E673E311}.Debug|Any CPU.Build.0 = Debug|Any CPU
		{6090FAB4-1FE8-CDA4-5C4F-7D13E673E311}.Release|Any CPU.ActiveCfg = Release|Any CPU
		{6090FAB4-1FE8-CDA4-5C4F-7D13E673E311}.Release|Any CPU.Build.0 = Release|Any CPU
		{4E70F8D1-9717-C9AD-16E8-24AA7B6BC6DC}.Debug|Any CPU.ActiveCfg = Debug|Any CPU
		{4E70F8D1-9717-C9AD-16E8-24AA7B6BC6DC}.Debug|Any CPU.Build.0 = Debug|Any CPU
		{4E70F8D1-9717-C9AD-16E8-24AA7B6BC6DC}.Release|Any CPU.ActiveCfg = Release|Any CPU
		{4E70F8D1-9717-C9AD-16E8-24AA7B6BC6DC}.Release|Any CPU.Build.0 = Release|Any CPU
		{2F6AB498-8ACA-8014-52CD-D29956F7371A}.Debug|Any CPU.ActiveCfg = Debug|Any CPU
		{2F6AB498-8ACA-8014-52CD-D29956F7371A}.Debug|Any CPU.Build.0 = Debug|Any CPU
		{2F6AB498-8ACA-8014-52CD-D29956F7371A}.Release|Any CPU.ActiveCfg = Release|Any CPU
		{2F6AB498-8ACA-8014-52CD-D29956F7371A}.Release|Any CPU.Build.0 = Release|Any CPU
		{2765122B-6B2C-BD26-4ED4-123D27273193}.Debug|Any CPU.ActiveCfg = Debug|Any CPU
		{2765122B-6B2C-BD26-4ED4-123D27273193}.Debug|Any CPU.Build.0 = Debug|Any CPU
		{2765122B-6B2C-BD26-4ED4-123D27273193}.Release|Any CPU.ActiveCfg = Release|Any CPU
		{2765122B-6B2C-BD26-4ED4-123D27273193}.Release|Any CPU.Build.0 = Release|Any CPU
		{C995C210-3E94-AFFB-4223-E060FFA49C78}.Debug|Any CPU.ActiveCfg = Debug|Any CPU
		{C995C210-3E94-AFFB-4223-E060FFA49C78}.Debug|Any CPU.Build.0 = Debug|Any CPU
		{C995C210-3E94-AFFB-4223-E060FFA49C78}.Release|Any CPU.ActiveCfg = Release|Any CPU
		{C995C210-3E94-AFFB-4223-E060FFA49C78}.Release|Any CPU.Build.0 = Release|Any CPU
		{2913BBE6-30A7-5AA7-3DC6-4AEB2411E12F}.Debug|Any CPU.ActiveCfg = Debug|Any CPU
		{2913BBE6-30A7-5AA7-3DC6-4AEB2411E12F}.Debug|Any CPU.Build.0 = Debug|Any CPU
		{2913BBE6-30A7-5AA7-3DC6-4AEB2411E12F}.Release|Any CPU.ActiveCfg = Release|Any CPU
		{2913BBE6-30A7-5AA7-3DC6-4AEB2411E12F}.Release|Any CPU.Build.0 = Release|Any CPU
		{F4181B13-F33C-BA0B-B519-FC987E496B68}.Debug|Any CPU.ActiveCfg = Debug|Any CPU
		{F4181B13-F33C-BA0B-B519-FC987E496B68}.Debug|Any CPU.Build.0 = Debug|Any CPU
		{F4181B13-F33C-BA0B-B519-FC987E496B68}.Release|Any CPU.ActiveCfg = Release|Any CPU
		{F4181B13-F33C-BA0B-B519-FC987E496B68}.Release|Any CPU.Build.0 = Release|Any CPU
		{F5A64DEA-6149-E1A8-D26C-D3B2ACE707F8}.Debug|Any CPU.ActiveCfg = Debug|Any CPU
		{F5A64DEA-6149-E1A8-D26C-D3B2ACE707F8}.Debug|Any CPU.Build.0 = Debug|Any CPU
		{F5A64DEA-6149-E1A8-D26C-D3B2ACE707F8}.Release|Any CPU.ActiveCfg = Release|Any CPU
		{F5A64DEA-6149-E1A8-D26C-D3B2ACE707F8}.Release|Any CPU.Build.0 = Release|Any CPU
		{D6452AE6-2B5D-50E6-4137-B159F5083FA5}.Debug|Any CPU.ActiveCfg = Debug|Any CPU
		{D6452AE6-2B5D-50E6-4137-B159F5083FA5}.Debug|Any CPU.Build.0 = Debug|Any CPU
		{D6452AE6-2B5D-50E6-4137-B159F5083FA5}.Release|Any CPU.ActiveCfg = Release|Any CPU
		{D6452AE6-2B5D-50E6-4137-B159F5083FA5}.Release|Any CPU.Build.0 = Release|Any CPU
		{B5D21639-5C09-BC86-8712-7A95F09F5F34}.Debug|Any CPU.ActiveCfg = Debug|Any CPU
		{B5D21639-5C09-BC86-8712-7A95F09F5F34}.Debug|Any CPU.Build.0 = Debug|Any CPU
		{B5D21639-5C09-BC86-8712-7A95F09F5F34}.Release|Any CPU.ActiveCfg = Release|Any CPU
		{B5D21639-5C09-BC86-8712-7A95F09F5F34}.Release|Any CPU.Build.0 = Release|Any CPU
		{22843C7A-9612-9EF5-2097-2731F123C050}.Debug|Any CPU.ActiveCfg = Debug|Any CPU
		{22843C7A-9612-9EF5-2097-2731F123C050}.Debug|Any CPU.Build.0 = Debug|Any CPU
		{22843C7A-9612-9EF5-2097-2731F123C050}.Release|Any CPU.ActiveCfg = Release|Any CPU
		{22843C7A-9612-9EF5-2097-2731F123C050}.Release|Any CPU.Build.0 = Release|Any CPU
		{3EB3BE6B-5B4F-A18D-8BF8-3714AC64FE09}.Debug|Any CPU.ActiveCfg = Debug|Any CPU
		{3EB3BE6B-5B4F-A18D-8BF8-3714AC64FE09}.Debug|Any CPU.Build.0 = Debug|Any CPU
		{3EB3BE6B-5B4F-A18D-8BF8-3714AC64FE09}.Release|Any CPU.ActiveCfg = Release|Any CPU
		{3EB3BE6B-5B4F-A18D-8BF8-3714AC64FE09}.Release|Any CPU.Build.0 = Release|Any CPU
		{E9502B28-6150-DF98-AAC2-8120BA6BB769}.Debug|Any CPU.ActiveCfg = Debug|Any CPU
		{E9502B28-6150-DF98-AAC2-8120BA6BB769}.Debug|Any CPU.Build.0 = Debug|Any CPU
		{E9502B28-6150-DF98-AAC2-8120BA6BB769}.Release|Any CPU.ActiveCfg = Release|Any CPU
		{E9502B28-6150-DF98-AAC2-8120BA6BB769}.Release|Any CPU.Build.0 = Release|Any CPU
		{E3AF9F2A-9483-2AB5-9F02-503862801DF9}.Debug|Any CPU.ActiveCfg = Debug|Any CPU
		{E3AF9F2A-9483-2AB5-9F02-503862801DF9}.Debug|Any CPU.Build.0 = Debug|Any CPU
		{E3AF9F2A-9483-2AB5-9F02-503862801DF9}.Release|Any CPU.ActiveCfg = Release|Any CPU
		{E3AF9F2A-9483-2AB5-9F02-503862801DF9}.Release|Any CPU.Build.0 = Release|Any CPU
		{0510D085-D54C-3447-CCDD-B162E605DA3C}.Debug|Any CPU.ActiveCfg = Debug|Any CPU
		{0510D085-D54C-3447-CCDD-B162E605DA3C}.Debug|Any CPU.Build.0 = Debug|Any CPU
		{0510D085-D54C-3447-CCDD-B162E605DA3C}.Release|Any CPU.ActiveCfg = Release|Any CPU
		{0510D085-D54C-3447-CCDD-B162E605DA3C}.Release|Any CPU.Build.0 = Release|Any CPU
		{56E69D2B-D1D7-935A-9688-117B5145CFFC}.Debug|Any CPU.ActiveCfg = Debug|Any CPU
		{56E69D2B-D1D7-935A-9688-117B5145CFFC}.Debug|Any CPU.Build.0 = Debug|Any CPU
		{56E69D2B-D1D7-935A-9688-117B5145CFFC}.Release|Any CPU.ActiveCfg = Release|Any CPU
		{56E69D2B-D1D7-935A-9688-117B5145CFFC}.Release|Any CPU.Build.0 = Release|Any CPU
		{AAE92333-0340-65BE-FFC9-3CA74A415DB1}.Debug|Any CPU.ActiveCfg = Debug|Any CPU
		{AAE92333-0340-65BE-FFC9-3CA74A415DB1}.Debug|Any CPU.Build.0 = Debug|Any CPU
		{AAE92333-0340-65BE-FFC9-3CA74A415DB1}.Release|Any CPU.ActiveCfg = Release|Any CPU
		{AAE92333-0340-65BE-FFC9-3CA74A415DB1}.Release|Any CPU.Build.0 = Release|Any CPU
		{ADB89F17-8F0D-379F-C507-DD423F5CFA78}.Debug|Any CPU.ActiveCfg = Debug|Any CPU
		{ADB89F17-8F0D-379F-C507-DD423F5CFA78}.Debug|Any CPU.Build.0 = Debug|Any CPU
		{ADB89F17-8F0D-379F-C507-DD423F5CFA78}.Release|Any CPU.ActiveCfg = Release|Any CPU
		{ADB89F17-8F0D-379F-C507-DD423F5CFA78}.Release|Any CPU.Build.0 = Release|Any CPU
		{3EEAE8E5-CA89-AFAF-CF79-96D26690499D}.Debug|Any CPU.ActiveCfg = Debug|Any CPU
		{3EEAE8E5-CA89-AFAF-CF79-96D26690499D}.Debug|Any CPU.Build.0 = Debug|Any CPU
		{3EEAE8E5-CA89-AFAF-CF79-96D26690499D}.Release|Any CPU.ActiveCfg = Release|Any CPU
		{3EEAE8E5-CA89-AFAF-CF79-96D26690499D}.Release|Any CPU.Build.0 = Release|Any CPU
		{7FA065F1-40D8-280B-C71D-235FD2EA2E45}.Debug|Any CPU.ActiveCfg = Debug|Any CPU
		{7FA065F1-40D8-280B-C71D-235FD2EA2E45}.Debug|Any CPU.Build.0 = Debug|Any CPU
		{7FA065F1-40D8-280B-C71D-235FD2EA2E45}.Release|Any CPU.ActiveCfg = Release|Any CPU
		{7FA065F1-40D8-280B-C71D-235FD2EA2E45}.Release|Any CPU.Build.0 = Release|Any CPU
		{CB7D0BD8-CCE6-E0AD-DB39-BA57F54B9A15}.Debug|Any CPU.ActiveCfg = Debug|Any CPU
		{CB7D0BD8-CCE6-E0AD-DB39-BA57F54B9A15}.Debug|Any CPU.Build.0 = Debug|Any CPU
		{CB7D0BD8-CCE6-E0AD-DB39-BA57F54B9A15}.Release|Any CPU.ActiveCfg = Release|Any CPU
		{CB7D0BD8-CCE6-E0AD-DB39-BA57F54B9A15}.Release|Any CPU.Build.0 = Release|Any CPU
		{FD1FDAFC-AC32-5466-4915-F05163B7A5ED}.Debug|Any CPU.ActiveCfg = Debug|Any CPU
		{FD1FDAFC-AC32-5466-4915-F05163B7A5ED}.Debug|Any CPU.Build.0 = Debug|Any CPU
		{FD1FDAFC-AC32-5466-4915-F05163B7A5ED}.Release|Any CPU.ActiveCfg = Release|Any CPU
		{FD1FDAFC-AC32-5466-4915-F05163B7A5ED}.Release|Any CPU.Build.0 = Release|Any CPU
		{41A4ECA5-6579-7689-CAA6-20409E25EB77}.Debug|Any CPU.ActiveCfg = Debug|Any CPU
		{41A4ECA5-6579-7689-CAA6-20409E25EB77}.Debug|Any CPU.Build.0 = Debug|Any CPU
		{41A4ECA5-6579-7689-CAA6-20409E25EB77}.Release|Any CPU.ActiveCfg = Release|Any CPU
		{41A4ECA5-6579-7689-CAA6-20409E25EB77}.Release|Any CPU.Build.0 = Release|Any CPU
		{5C0248E2-F992-F8F5-0E51-AD8AE82DD78C}.Debug|Any CPU.ActiveCfg = Debug|Any CPU
		{5C0248E2-F992-F8F5-0E51-AD8AE82DD78C}.Debug|Any CPU.Build.0 = Debug|Any CPU
		{5C0248E2-F992-F8F5-0E51-AD8AE82DD78C}.Release|Any CPU.ActiveCfg = Release|Any CPU
		{5C0248E2-F992-F8F5-0E51-AD8AE82DD78C}.Release|Any CPU.Build.0 = Release|Any CPU
		{7A769E10-C5AD-A0F4-CC32-C9785B8A923F}.Debug|Any CPU.ActiveCfg = Debug|Any CPU
		{7A769E10-C5AD-A0F4-CC32-C9785B8A923F}.Debug|Any CPU.Build.0 = Debug|Any CPU
		{7A769E10-C5AD-A0F4-CC32-C9785B8A923F}.Release|Any CPU.ActiveCfg = Release|Any CPU
		{7A769E10-C5AD-A0F4-CC32-C9785B8A923F}.Release|Any CPU.Build.0 = Release|Any CPU
		{753E20A1-E8D8-3A73-5BAA-E77B26E313D5}.Debug|Any CPU.ActiveCfg = Debug|Any CPU
		{753E20A1-E8D8-3A73-5BAA-E77B26E313D5}.Debug|Any CPU.Build.0 = Debug|Any CPU
		{753E20A1-E8D8-3A73-5BAA-E77B26E313D5}.Release|Any CPU.ActiveCfg = Release|Any CPU
		{753E20A1-E8D8-3A73-5BAA-E77B26E313D5}.Release|Any CPU.Build.0 = Release|Any CPU
		{A8AE00C3-AADC-F92A-4485-83013CA2374A}.Debug|Any CPU.ActiveCfg = Debug|Any CPU
		{A8AE00C3-AADC-F92A-4485-83013CA2374A}.Debug|Any CPU.Build.0 = Debug|Any CPU
		{A8AE00C3-AADC-F92A-4485-83013CA2374A}.Release|Any CPU.ActiveCfg = Release|Any CPU
		{A8AE00C3-AADC-F92A-4485-83013CA2374A}.Release|Any CPU.Build.0 = Release|Any CPU
		{FC14BD20-7C48-607E-BC8F-C3932ACEFBB9}.Debug|Any CPU.ActiveCfg = Debug|Any CPU
		{FC14BD20-7C48-607E-BC8F-C3932ACEFBB9}.Debug|Any CPU.Build.0 = Debug|Any CPU
		{FC14BD20-7C48-607E-BC8F-C3932ACEFBB9}.Release|Any CPU.ActiveCfg = Release|Any CPU
		{FC14BD20-7C48-607E-BC8F-C3932ACEFBB9}.Release|Any CPU.Build.0 = Release|Any CPU
		{D648CE19-AD08-0F0D-8AF0-94681AB4FAC7}.Debug|Any CPU.ActiveCfg = Debug|Any CPU
		{D648CE19-AD08-0F0D-8AF0-94681AB4FAC7}.Debug|Any CPU.Build.0 = Debug|Any CPU
		{D648CE19-AD08-0F0D-8AF0-94681AB4FAC7}.Release|Any CPU.ActiveCfg = Release|Any CPU
		{D648CE19-AD08-0F0D-8AF0-94681AB4FAC7}.Release|Any CPU.Build.0 = Release|Any CPU
		{240BC54C-983C-A8E9-5B7E-4E0EDD737A5A}.Debug|Any CPU.ActiveCfg = Debug|Any CPU
		{240BC54C-983C-A8E9-5B7E-4E0EDD737A5A}.Debug|Any CPU.Build.0 = Debug|Any CPU
		{240BC54C-983C-A8E9-5B7E-4E0EDD737A5A}.Release|Any CPU.ActiveCfg = Release|Any CPU
		{240BC54C-983C-A8E9-5B7E-4E0EDD737A5A}.Release|Any CPU.Build.0 = Release|Any CPU
		{44A026F7-706F-DFEB-A55C-C5C0F05FA4B1}.Debug|Any CPU.ActiveCfg = Debug|Any CPU
		{44A026F7-706F-DFEB-A55C-C5C0F05FA4B1}.Debug|Any CPU.Build.0 = Debug|Any CPU
		{44A026F7-706F-DFEB-A55C-C5C0F05FA4B1}.Release|Any CPU.ActiveCfg = Release|Any CPU
		{44A026F7-706F-DFEB-A55C-C5C0F05FA4B1}.Release|Any CPU.Build.0 = Release|Any CPU
		{EA2EA906-A5BE-E0D3-6DF0-E67FF1FD1A4A}.Debug|Any CPU.ActiveCfg = Debug|Any CPU
		{EA2EA906-A5BE-E0D3-6DF0-E67FF1FD1A4A}.Debug|Any CPU.Build.0 = Debug|Any CPU
		{EA2EA906-A5BE-E0D3-6DF0-E67FF1FD1A4A}.Release|Any CPU.ActiveCfg = Release|Any CPU
		{EA2EA906-A5BE-E0D3-6DF0-E67FF1FD1A4A}.Release|Any CPU.Build.0 = Release|Any CPU
		{01E6B960-23EE-FDB4-C0D7-BA31A39C0123}.Debug|Any CPU.ActiveCfg = Debug|Any CPU
		{01E6B960-23EE-FDB4-C0D7-BA31A39C0123}.Debug|Any CPU.Build.0 = Debug|Any CPU
		{01E6B960-23EE-FDB4-C0D7-BA31A39C0123}.Release|Any CPU.ActiveCfg = Release|Any CPU
		{01E6B960-23EE-FDB4-C0D7-BA31A39C0123}.Release|Any CPU.Build.0 = Release|Any CPU
		{A7BCE79F-B74F-DC4B-93CE-C3AC38B11B3C}.Debug|Any CPU.ActiveCfg = Debug|Any CPU
		{A7BCE79F-B74F-DC4B-93CE-C3AC38B11B3C}.Debug|Any CPU.Build.0 = Debug|Any CPU
		{A7BCE79F-B74F-DC4B-93CE-C3AC38B11B3C}.Release|Any CPU.ActiveCfg = Release|Any CPU
		{A7BCE79F-B74F-DC4B-93CE-C3AC38B11B3C}.Release|Any CPU.Build.0 = Release|Any CPU
		{32CBD908-B040-6534-BC24-93E65A04888D}.Debug|Any CPU.ActiveCfg = Debug|Any CPU
		{32CBD908-B040-6534-BC24-93E65A04888D}.Debug|Any CPU.Build.0 = Debug|Any CPU
		{32CBD908-B040-6534-BC24-93E65A04888D}.Release|Any CPU.ActiveCfg = Release|Any CPU
		{32CBD908-B040-6534-BC24-93E65A04888D}.Release|Any CPU.Build.0 = Release|Any CPU
		{4C298F89-68A4-0AD2-4F5B-8F68CD95AA2C}.Debug|Any CPU.ActiveCfg = Debug|Any CPU
		{4C298F89-68A4-0AD2-4F5B-8F68CD95AA2C}.Debug|Any CPU.Build.0 = Debug|Any CPU
		{4C298F89-68A4-0AD2-4F5B-8F68CD95AA2C}.Release|Any CPU.ActiveCfg = Release|Any CPU
		{4C298F89-68A4-0AD2-4F5B-8F68CD95AA2C}.Release|Any CPU.Build.0 = Release|Any CPU
		{3B72EED6-85CC-CE99-4F5A-B554EFCC1BD1}.Debug|Any CPU.ActiveCfg = Debug|Any CPU
		{3B72EED6-85CC-CE99-4F5A-B554EFCC1BD1}.Debug|Any CPU.Build.0 = Debug|Any CPU
		{3B72EED6-85CC-CE99-4F5A-B554EFCC1BD1}.Release|Any CPU.ActiveCfg = Release|Any CPU
		{3B72EED6-85CC-CE99-4F5A-B554EFCC1BD1}.Release|Any CPU.Build.0 = Release|Any CPU
		{A3EB92F1-8B24-03B3-AC7F-A7C6AE02F8AD}.Debug|Any CPU.ActiveCfg = Debug|Any CPU
		{A3EB92F1-8B24-03B3-AC7F-A7C6AE02F8AD}.Debug|Any CPU.Build.0 = Debug|Any CPU
		{A3EB92F1-8B24-03B3-AC7F-A7C6AE02F8AD}.Release|Any CPU.ActiveCfg = Release|Any CPU
		{A3EB92F1-8B24-03B3-AC7F-A7C6AE02F8AD}.Release|Any CPU.Build.0 = Release|Any CPU
		{BFCA501F-224A-5D1C-2978-AC3553C57681}.Debug|Any CPU.ActiveCfg = Debug|Any CPU
		{BFCA501F-224A-5D1C-2978-AC3553C57681}.Debug|Any CPU.Build.0 = Debug|Any CPU
		{BFCA501F-224A-5D1C-2978-AC3553C57681}.Release|Any CPU.ActiveCfg = Release|Any CPU
		{BFCA501F-224A-5D1C-2978-AC3553C57681}.Release|Any CPU.Build.0 = Release|Any CPU
		{0150E746-7587-7781-8CB1-301FC8637008}.Debug|Any CPU.ActiveCfg = Debug|Any CPU
		{0150E746-7587-7781-8CB1-301FC8637008}.Debug|Any CPU.Build.0 = Debug|Any CPU
		{0150E746-7587-7781-8CB1-301FC8637008}.Release|Any CPU.ActiveCfg = Release|Any CPU
		{0150E746-7587-7781-8CB1-301FC8637008}.Release|Any CPU.Build.0 = Release|Any CPU
		{57E9A72B-34E9-59F4-322B-6A6C1F328D62}.Debug|Any CPU.ActiveCfg = Debug|Any CPU
		{57E9A72B-34E9-59F4-322B-6A6C1F328D62}.Debug|Any CPU.Build.0 = Debug|Any CPU
		{57E9A72B-34E9-59F4-322B-6A6C1F328D62}.Release|Any CPU.ActiveCfg = Release|Any CPU
		{57E9A72B-34E9-59F4-322B-6A6C1F328D62}.Release|Any CPU.Build.0 = Release|Any CPU
		{AF3357D0-5E68-EC4B-D959-1F0FB1EE2934}.Debug|Any CPU.ActiveCfg = Debug|Any CPU
		{AF3357D0-5E68-EC4B-D959-1F0FB1EE2934}.Debug|Any CPU.Build.0 = Debug|Any CPU
		{AF3357D0-5E68-EC4B-D959-1F0FB1EE2934}.Release|Any CPU.ActiveCfg = Release|Any CPU
		{AF3357D0-5E68-EC4B-D959-1F0FB1EE2934}.Release|Any CPU.Build.0 = Release|Any CPU
		{DA557D9F-783D-6B50-A0B0-ED981DC6432C}.Debug|Any CPU.ActiveCfg = Debug|Any CPU
		{DA557D9F-783D-6B50-A0B0-ED981DC6432C}.Debug|Any CPU.Build.0 = Debug|Any CPU
		{DA557D9F-783D-6B50-A0B0-ED981DC6432C}.Release|Any CPU.ActiveCfg = Release|Any CPU
		{DA557D9F-783D-6B50-A0B0-ED981DC6432C}.Release|Any CPU.Build.0 = Release|Any CPU
		{6DC44216-0D5A-8DC2-B198-58661657B14D}.Debug|Any CPU.ActiveCfg = Debug|Any CPU
		{6DC44216-0D5A-8DC2-B198-58661657B14D}.Debug|Any CPU.Build.0 = Debug|Any CPU
		{6DC44216-0D5A-8DC2-B198-58661657B14D}.Release|Any CPU.ActiveCfg = Release|Any CPU
		{6DC44216-0D5A-8DC2-B198-58661657B14D}.Release|Any CPU.Build.0 = Release|Any CPU
		{25E5596E-CBCC-7A90-4313-A9E29D821881}.Debug|Any CPU.ActiveCfg = Debug|Any CPU
		{25E5596E-CBCC-7A90-4313-A9E29D821881}.Debug|Any CPU.Build.0 = Debug|Any CPU
		{25E5596E-CBCC-7A90-4313-A9E29D821881}.Release|Any CPU.ActiveCfg = Release|Any CPU
		{25E5596E-CBCC-7A90-4313-A9E29D821881}.Release|Any CPU.Build.0 = Release|Any CPU
		{0FB3CE4B-BB60-D2FF-F0C2-6D616D2D87AC}.Debug|Any CPU.ActiveCfg = Debug|Any CPU
		{0FB3CE4B-BB60-D2FF-F0C2-6D616D2D87AC}.Debug|Any CPU.Build.0 = Debug|Any CPU
		{0FB3CE4B-BB60-D2FF-F0C2-6D616D2D87AC}.Release|Any CPU.ActiveCfg = Release|Any CPU
		{0FB3CE4B-BB60-D2FF-F0C2-6D616D2D87AC}.Release|Any CPU.Build.0 = Release|Any CPU
		{34EE3310-6A97-206A-EA87-BD69B50C9441}.Debug|Any CPU.ActiveCfg = Debug|Any CPU
		{34EE3310-6A97-206A-EA87-BD69B50C9441}.Debug|Any CPU.Build.0 = Debug|Any CPU
		{34EE3310-6A97-206A-EA87-BD69B50C9441}.Release|Any CPU.ActiveCfg = Release|Any CPU
		{34EE3310-6A97-206A-EA87-BD69B50C9441}.Release|Any CPU.Build.0 = Release|Any CPU
		{53E24A2E-9A08-15D3-DC5C-B0098F9B7BF3}.Debug|Any CPU.ActiveCfg = Debug|Any CPU
		{53E24A2E-9A08-15D3-DC5C-B0098F9B7BF3}.Debug|Any CPU.Build.0 = Debug|Any CPU
		{53E24A2E-9A08-15D3-DC5C-B0098F9B7BF3}.Release|Any CPU.ActiveCfg = Release|Any CPU
		{53E24A2E-9A08-15D3-DC5C-B0098F9B7BF3}.Release|Any CPU.Build.0 = Release|Any CPU
		{9AAD8283-4F23-FE31-CBC4-637490A106B3}.Debug|Any CPU.ActiveCfg = Debug|Any CPU
		{9AAD8283-4F23-FE31-CBC4-637490A106B3}.Debug|Any CPU.Build.0 = Debug|Any CPU
		{9AAD8283-4F23-FE31-CBC4-637490A106B3}.Release|Any CPU.ActiveCfg = Release|Any CPU
		{9AAD8283-4F23-FE31-CBC4-637490A106B3}.Release|Any CPU.Build.0 = Release|Any CPU
		{4414AD4B-3503-994B-BB93-89F0762E6AA6}.Debug|Any CPU.ActiveCfg = Debug|Any CPU
		{4414AD4B-3503-994B-BB93-89F0762E6AA6}.Debug|Any CPU.Build.0 = Debug|Any CPU
		{4414AD4B-3503-994B-BB93-89F0762E6AA6}.Release|Any CPU.ActiveCfg = Release|Any CPU
		{4414AD4B-3503-994B-BB93-89F0762E6AA6}.Release|Any CPU.Build.0 = Release|Any CPU
		{C3F53C26-C9D0-18C0-F504-480CFA49EED8}.Debug|Any CPU.ActiveCfg = Debug|Any CPU
		{C3F53C26-C9D0-18C0-F504-480CFA49EED8}.Debug|Any CPU.Build.0 = Debug|Any CPU
		{C3F53C26-C9D0-18C0-F504-480CFA49EED8}.Release|Any CPU.ActiveCfg = Release|Any CPU
		{C3F53C26-C9D0-18C0-F504-480CFA49EED8}.Release|Any CPU.Build.0 = Release|Any CPU
		{EFF67303-25DD-912A-90B6-C342A6995298}.Debug|Any CPU.ActiveCfg = Debug|Any CPU
		{EFF67303-25DD-912A-90B6-C342A6995298}.Debug|Any CPU.Build.0 = Debug|Any CPU
		{EFF67303-25DD-912A-90B6-C342A6995298}.Release|Any CPU.ActiveCfg = Release|Any CPU
		{EFF67303-25DD-912A-90B6-C342A6995298}.Release|Any CPU.Build.0 = Release|Any CPU
		{EA004B86-4C01-3BFF-92E8-9D64E2CBD34B}.Debug|Any CPU.ActiveCfg = Debug|Any CPU
		{EA004B86-4C01-3BFF-92E8-9D64E2CBD34B}.Debug|Any CPU.Build.0 = Debug|Any CPU
		{EA004B86-4C01-3BFF-92E8-9D64E2CBD34B}.Release|Any CPU.ActiveCfg = Release|Any CPU
		{EA004B86-4C01-3BFF-92E8-9D64E2CBD34B}.Release|Any CPU.Build.0 = Release|Any CPU
		{721640E8-511B-1B90-7A0A-3AF900687B1F}.Debug|Any CPU.ActiveCfg = Debug|Any CPU
		{721640E8-511B-1B90-7A0A-3AF900687B1F}.Debug|Any CPU.Build.0 = Debug|Any CPU
		{721640E8-511B-1B90-7A0A-3AF900687B1F}.Release|Any CPU.ActiveCfg = Release|Any CPU
		{721640E8-511B-1B90-7A0A-3AF900687B1F}.Release|Any CPU.Build.0 = Release|Any CPU
	EndGlobalSection
	GlobalSection(SolutionProperties) = preSolution
		HideSolutionNode = FALSE
	EndGlobalSection
EndGlobal
